
Microsoft Visual Studio Solution File, Format Version 12.00
# Visual Studio 15
VisualStudioVersion = 15.0.27004.2010
MinimumVisualStudioVersion = 10.0.40219.1
Project("{FAE04EC0-301F-11D3-BF4B-00C04F79EFBC}") = "CherryStone.Web", "CherryStone.Web\CherryStone.Web.csproj", "{1B8C7203-7FED-4BC1-B6FC-0D69C96FF7E4}"
EndProject
Project("{FAE04EC0-301F-11D3-BF4B-00C04F79EFBC}") = "CherryStone.Domain", "CherryStone.Domain\CherryStone.Domain.csproj", "{26D61CF1-D599-495E-8B61-E0AEC13F30ED}"
EndProject
Global
	GlobalSection(SolutionConfigurationPlatforms) = preSolution
		Debug|Any CPU = Debug|Any CPU
		Release|Any CPU = Release|Any CPU
	EndGlobalSection
	GlobalSection(ProjectConfigurationPlatforms) = postSolution
		{1B8C7203-7FED-4BC1-B6FC-0D69C96FF7E4}.Debug|Any CPU.ActiveCfg = Debug|Any CPU
		{1B8C7203-7FED-4BC1-B6FC-0D69C96FF7E4}.Debug|Any CPU.Build.0 = Debug|Any CPU
		{1B8C7203-7FED-4BC1-B6FC-0D69C96FF7E4}.Release|Any CPU.ActiveCfg = Release|Any CPU
		{1B8C7203-7FED-4BC1-B6FC-0D69C96FF7E4}.Release|Any CPU.Build.0 = Release|Any CPU
		{26D61CF1-D599-495E-8B61-E0AEC13F30ED}.Debug|Any CPU.ActiveCfg = Debug|Any CPU
		{26D61CF1-D599-495E-8B61-E0AEC13F30ED}.Debug|Any CPU.Build.0 = Debug|Any CPU
		{26D61CF1-D599-495E-8B61-E0AEC13F30ED}.Release|Any CPU.ActiveCfg = Release|Any CPU
		{26D61CF1-D599-495E-8B61-E0AEC13F30ED}.Release|Any CPU.Build.0 = Release|Any CPU
	EndGlobalSection
	GlobalSection(SolutionProperties) = preSolution
		HideSolutionNode = FALSE
	EndGlobalSection
	GlobalSection(ExtensibilityGlobals) = postSolution
		SolutionGuid = {D88041F5-664C-44EB-B57E-5F2CC58812CF}
	EndGlobalSection
EndGlobal
